
Microsoft Visual Studio Solution File, Format Version 12.00
# Visual Studio Version 17
VisualStudioVersion = 17.3.32811.315
MinimumVisualStudioVersion = 10.0.40219.1
Project("{FAE04EC0-301F-11D3-BF4B-00C04F79EFBC}") = "PE3GL01GM21057", "PE3GL01GM21057\PE3GL01GM21057.csproj", "{F21F04A7-7CCE-4318-A36A-8BE08F9B3F89}"
EndProject
Global
	GlobalSection(SolutionConfigurationPlatforms) = preSolution
		Debug|Any CPU = Debug|Any CPU
		Release|Any CPU = Release|Any CPU
	EndGlobalSection
	GlobalSection(ProjectConfigurationPlatforms) = postSolution
		{F21F04A7-7CCE-4318-A36A-8BE08F9B3F89}.Debug|Any CPU.ActiveCfg = Debug|Any CPU
		{F21F04A7-7CCE-4318-A36A-8BE08F9B3F89}.Debug|Any CPU.Build.0 = Debug|Any CPU
		{F21F04A7-7CCE-4318-A36A-8BE08F9B3F89}.Release|Any CPU.ActiveCfg = Release|Any CPU
		{F21F04A7-7CCE-4318-A36A-8BE08F9B3F89}.Release|Any CPU.Build.0 = Release|Any CPU
	EndGlobalSection
	GlobalSection(SolutionProperties) = preSolution
		HideSolutionNode = FALSE
	EndGlobalSection
	GlobalSection(ExtensibilityGlobals) = postSolution
		SolutionGuid = {97E4C7A8-C683-4438-8F89-0D574252E99F}
	EndGlobalSection
EndGlobal
